
Microsoft Visual Studio Solution File, Format Version 12.00
# Visual Studio Version 17
VisualStudioVersion = 17.10.35027.167
MinimumVisualStudioVersion = 10.0.40219.1
Project("{8BC9CEB8-8B4A-11D0-8D11-00A0C91BC942}") = "Practice", "Practice.vcxproj", "{E0E047C1-F1D8-49D5-83C8-93D262BC2966}"
EndProject
Project("{8BC9CEB8-8B4A-11D0-8D11-00A0C91BC942}") = "CountingSort", "CountingSort\CountingSort.vcxproj", "{331F30F6-08FF-4D1E-B0BF-290A678B5907}"
EndProject
Project("{8BC9CEB8-8B4A-11D0-8D11-00A0C91BC942}") = "STACK", "STACK\STACK.vcxproj", "{B51663AC-7635-4D99-B577-15C8C0AFD3BD}"
EndProject
Project("{8BC9CEB8-8B4A-11D0-8D11-00A0C91BC942}") = "QUEUE", "..\QUEUE\QUEUE.vcxproj", "{F4B09E3E-AC41-41E8-95B3-026A0100DFB3}"
EndProject
Project("{8BC9CEB8-8B4A-11D0-8D11-00A0C91BC942}") = "BinarySearch", "..\BinarySearch\BinarySearch.vcxproj", "{E138ECF5-7570-4AD4-83F1-54EB2F6A4342}"
EndProject
Project("{8BC9CEB8-8B4A-11D0-8D11-00A0C91BC942}") = "HashTable", "..\HashTable\HashTable.vcxproj", "{8C3964C0-6938-4E59-910C-D3BFF1927458}"
EndProject
Project("{8BC9CEB8-8B4A-11D0-8D11-00A0C91BC942}") = "pop_array", "..\pop_array\pop_array.vcxproj", "{40A6410C-06E3-456E-A551-C7645A858F27}"
EndProject
Project("{8BC9CEB8-8B4A-11D0-8D11-00A0C91BC942}") = "consecutive_Num", "..\consecutive_Num\consecutive_Num.vcxproj", "{F29CF249-ADE0-4D38-9BF5-E39AD4836FA3}"
EndProject
Project("{8BC9CEB8-8B4A-11D0-8D11-00A0C91BC942}") = "stack_NumberCard", "..\stack_NumberCard\stack_NumberCard.vcxproj", "{7DC80F4F-D0E1-41D5-A52D-E49222114477}"
EndProject
Project("{8BC9CEB8-8B4A-11D0-8D11-00A0C91BC942}") = "prime_Number", "..\prime_Number\prime_Number.vcxproj", "{9F1326B7-0250-4C8B-B605-EA33338F02A2}"
EndProject
Project("{8BC9CEB8-8B4A-11D0-8D11-00A0C91BC942}") = "difficulty", "..\difficulty\difficulty.vcxproj", "{C78157BE-FC34-4EBB-B63F-7B4C336E082F}"
EndProject
Project("{8BC9CEB8-8B4A-11D0-8D11-00A0C91BC942}") = "Josephus", "..\Josephus\Josephus.vcxproj", "{B08E0176-C5C3-4734-929A-5335A56C4978}"
EndProject
Project("{8BC9CEB8-8B4A-11D0-8D11-00A0C91BC942}") = "lanCord", "..\lanCord\lanCord.vcxproj", "{8C4A1F20-FC1A-4234-89EB-85FBAFB8EC7D}"
EndProject
Global
	GlobalSection(SolutionConfigurationPlatforms) = preSolution
		Debug|x64 = Debug|x64
		Debug|x86 = Debug|x86
		Release|x64 = Release|x64
		Release|x86 = Release|x86
	EndGlobalSection
	GlobalSection(ProjectConfigurationPlatforms) = postSolution
		{E0E047C1-F1D8-49D5-83C8-93D262BC2966}.Debug|x64.ActiveCfg = Debug|x64
		{E0E047C1-F1D8-49D5-83C8-93D262BC2966}.Debug|x64.Build.0 = Debug|x64
		{E0E047C1-F1D8-49D5-83C8-93D262BC2966}.Debug|x86.ActiveCfg = Debug|Win32
		{E0E047C1-F1D8-49D5-83C8-93D262BC2966}.Debug|x86.Build.0 = Debug|Win32
		{E0E047C1-F1D8-49D5-83C8-93D262BC2966}.Release|x64.ActiveCfg = Release|x64
		{E0E047C1-F1D8-49D5-83C8-93D262BC2966}.Release|x64.Build.0 = Release|x64
		{E0E047C1-F1D8-49D5-83C8-93D262BC2966}.Release|x86.ActiveCfg = Release|Win32
		{E0E047C1-F1D8-49D5-83C8-93D262BC2966}.Release|x86.Build.0 = Release|Win32
		{331F30F6-08FF-4D1E-B0BF-290A678B5907}.Debug|x64.ActiveCfg = Debug|x64
		{331F30F6-08FF-4D1E-B0BF-290A678B5907}.Debug|x64.Build.0 = Debug|x64
		{331F30F6-08FF-4D1E-B0BF-290A678B5907}.Debug|x86.ActiveCfg = Debug|Win32
		{331F30F6-08FF-4D1E-B0BF-290A678B5907}.Debug|x86.Build.0 = Debug|Win32
		{331F30F6-08FF-4D1E-B0BF-290A678B5907}.Release|x64.ActiveCfg = Release|x64
		{331F30F6-08FF-4D1E-B0BF-290A678B5907}.Release|x64.Build.0 = Release|x64
		{331F30F6-08FF-4D1E-B0BF-290A678B5907}.Release|x86.ActiveCfg = Release|Win32
		{331F30F6-08FF-4D1E-B0BF-290A678B5907}.Release|x86.Build.0 = Release|Win32
		{B51663AC-7635-4D99-B577-15C8C0AFD3BD}.Debug|x64.ActiveCfg = Debug|x64
		{B51663AC-7635-4D99-B577-15C8C0AFD3BD}.Debug|x64.Build.0 = Debug|x64
		{B51663AC-7635-4D99-B577-15C8C0AFD3BD}.Debug|x86.ActiveCfg = Debug|Win32
		{B51663AC-7635-4D99-B577-15C8C0AFD3BD}.Debug|x86.Build.0 = Debug|Win32
		{B51663AC-7635-4D99-B577-15C8C0AFD3BD}.Release|x64.ActiveCfg = Release|x64
		{B51663AC-7635-4D99-B577-15C8C0AFD3BD}.Release|x64.Build.0 = Release|x64
		{B51663AC-7635-4D99-B577-15C8C0AFD3BD}.Release|x86.ActiveCfg = Release|Win32
		{B51663AC-7635-4D99-B577-15C8C0AFD3BD}.Release|x86.Build.0 = Release|Win32
		{F4B09E3E-AC41-41E8-95B3-026A0100DFB3}.Debug|x64.ActiveCfg = Debug|x64
		{F4B09E3E-AC41-41E8-95B3-026A0100DFB3}.Debug|x64.Build.0 = Debug|x64
		{F4B09E3E-AC41-41E8-95B3-026A0100DFB3}.Debug|x86.ActiveCfg = Debug|Win32
		{F4B09E3E-AC41-41E8-95B3-026A0100DFB3}.Debug|x86.Build.0 = Debug|Win32
		{F4B09E3E-AC41-41E8-95B3-026A0100DFB3}.Release|x64.ActiveCfg = Release|x64
		{F4B09E3E-AC41-41E8-95B3-026A0100DFB3}.Release|x64.Build.0 = Release|x64
		{F4B09E3E-AC41-41E8-95B3-026A0100DFB3}.Release|x86.ActiveCfg = Release|Win32
		{F4B09E3E-AC41-41E8-95B3-026A0100DFB3}.Release|x86.Build.0 = Release|Win32
		{E138ECF5-7570-4AD4-83F1-54EB2F6A4342}.Debug|x64.ActiveCfg = Debug|x64
		{E138ECF5-7570-4AD4-83F1-54EB2F6A4342}.Debug|x64.Build.0 = Debug|x64
		{E138ECF5-7570-4AD4-83F1-54EB2F6A4342}.Debug|x86.ActiveCfg = Debug|Win32
		{E138ECF5-7570-4AD4-83F1-54EB2F6A4342}.Debug|x86.Build.0 = Debug|Win32
		{E138ECF5-7570-4AD4-83F1-54EB2F6A4342}.Release|x64.ActiveCfg = Release|x64
		{E138ECF5-7570-4AD4-83F1-54EB2F6A4342}.Release|x64.Build.0 = Release|x64
		{E138ECF5-7570-4AD4-83F1-54EB2F6A4342}.Release|x86.ActiveCfg = Release|Win32
		{E138ECF5-7570-4AD4-83F1-54EB2F6A4342}.Release|x86.Build.0 = Release|Win32
		{8C3964C0-6938-4E59-910C-D3BFF1927458}.Debug|x64.ActiveCfg = Debug|x64
		{8C3964C0-6938-4E59-910C-D3BFF1927458}.Debug|x64.Build.0 = Debug|x64
		{8C3964C0-6938-4E59-910C-D3BFF1927458}.Debug|x86.ActiveCfg = Debug|Win32
		{8C3964C0-6938-4E59-910C-D3BFF1927458}.Debug|x86.Build.0 = Debug|Win32
		{8C3964C0-6938-4E59-910C-D3BFF1927458}.Release|x64.ActiveCfg = Release|x64
		{8C3964C0-6938-4E59-910C-D3BFF1927458}.Release|x64.Build.0 = Release|x64
		{8C3964C0-6938-4E59-910C-D3BFF1927458}.Release|x86.ActiveCfg = Release|Win32
		{8C3964C0-6938-4E59-910C-D3BFF1927458}.Release|x86.Build.0 = Release|Win32
		{40A6410C-06E3-456E-A551-C7645A858F27}.Debug|x64.ActiveCfg = Debug|x64
		{40A6410C-06E3-456E-A551-C7645A858F27}.Debug|x64.Build.0 = Debug|x64
		{40A6410C-06E3-456E-A551-C7645A858F27}.Debug|x86.ActiveCfg = Debug|Win32
		{40A6410C-06E3-456E-A551-C7645A858F27}.Debug|x86.Build.0 = Debug|Win32
		{40A6410C-06E3-456E-A551-C7645A858F27}.Release|x64.ActiveCfg = Release|x64
		{40A6410C-06E3-456E-A551-C7645A858F27}.Release|x64.Build.0 = Release|x64
		{40A6410C-06E3-456E-A551-C7645A858F27}.Release|x86.ActiveCfg = Release|Win32
		{40A6410C-06E3-456E-A551-C7645A858F27}.Release|x86.Build.0 = Release|Win32
		{F29CF249-ADE0-4D38-9BF5-E39AD4836FA3}.Debug|x64.ActiveCfg = Debug|x64
		{F29CF249-ADE0-4D38-9BF5-E39AD4836FA3}.Debug|x64.Build.0 = Debug|x64
		{F29CF249-ADE0-4D38-9BF5-E39AD4836FA3}.Debug|x86.ActiveCfg = Debug|Win32
		{F29CF249-ADE0-4D38-9BF5-E39AD4836FA3}.Debug|x86.Build.0 = Debug|Win32
		{F29CF249-ADE0-4D38-9BF5-E39AD4836FA3}.Release|x64.ActiveCfg = Release|x64
		{F29CF249-ADE0-4D38-9BF5-E39AD4836FA3}.Release|x64.Build.0 = Release|x64
		{F29CF249-ADE0-4D38-9BF5-E39AD4836FA3}.Release|x86.ActiveCfg = Release|Win32
		{F29CF249-ADE0-4D38-9BF5-E39AD4836FA3}.Release|x86.Build.0 = Release|Win32
		{7DC80F4F-D0E1-41D5-A52D-E49222114477}.Debug|x64.ActiveCfg = Debug|x64
		{7DC80F4F-D0E1-41D5-A52D-E49222114477}.Debug|x64.Build.0 = Debug|x64
		{7DC80F4F-D0E1-41D5-A52D-E49222114477}.Debug|x86.ActiveCfg = Debug|Win32
		{7DC80F4F-D0E1-41D5-A52D-E49222114477}.Debug|x86.Build.0 = Debug|Win32
		{7DC80F4F-D0E1-41D5-A52D-E49222114477}.Release|x64.ActiveCfg = Release|x64
		{7DC80F4F-D0E1-41D5-A52D-E49222114477}.Release|x64.Build.0 = Release|x64
		{7DC80F4F-D0E1-41D5-A52D-E49222114477}.Release|x86.ActiveCfg = Release|Win32
		{7DC80F4F-D0E1-41D5-A52D-E49222114477}.Release|x86.Build.0 = Release|Win32
		{9F1326B7-0250-4C8B-B605-EA33338F02A2}.Debug|x64.ActiveCfg = Debug|x64
		{9F1326B7-0250-4C8B-B605-EA33338F02A2}.Debug|x64.Build.0 = Debug|x64
		{9F1326B7-0250-4C8B-B605-EA33338F02A2}.Debug|x86.ActiveCfg = Debug|Win32
		{9F1326B7-0250-4C8B-B605-EA33338F02A2}.Debug|x86.Build.0 = Debug|Win32
		{9F1326B7-0250-4C8B-B605-EA33338F02A2}.Release|x64.ActiveCfg = Release|x64
		{9F1326B7-0250-4C8B-B605-EA33338F02A2}.Release|x64.Build.0 = Release|x64
		{9F1326B7-0250-4C8B-B605-EA33338F02A2}.Release|x86.ActiveCfg = Release|Win32
		{9F1326B7-0250-4C8B-B605-EA33338F02A2}.Release|x86.Build.0 = Release|Win32
		{C78157BE-FC34-4EBB-B63F-7B4C336E082F}.Debug|x64.ActiveCfg = Debug|x64
		{C78157BE-FC34-4EBB-B63F-7B4C336E082F}.Debug|x64.Build.0 = Debug|x64
		{C78157BE-FC34-4EBB-B63F-7B4C336E082F}.Debug|x86.ActiveCfg = Debug|Win32
		{C78157BE-FC34-4EBB-B63F-7B4C336E082F}.Debug|x86.Build.0 = Debug|Win32
		{C78157BE-FC34-4EBB-B63F-7B4C336E082F}.Release|x64.ActiveCfg = Release|x64
		{C78157BE-FC34-4EBB-B63F-7B4C336E082F}.Release|x64.Build.0 = Release|x64
		{C78157BE-FC34-4EBB-B63F-7B4C336E082F}.Release|x86.ActiveCfg = Release|Win32
		{C78157BE-FC34-4EBB-B63F-7B4C336E082F}.Release|x86.Build.0 = Release|Win32
		{B08E0176-C5C3-4734-929A-5335A56C4978}.Debug|x64.ActiveCfg = Debug|x64
		{B08E0176-C5C3-4734-929A-5335A56C4978}.Debug|x64.Build.0 = Debug|x64
		{B08E0176-C5C3-4734-929A-5335A56C4978}.Debug|x86.ActiveCfg = Debug|Win32
		{B08E0176-C5C3-4734-929A-5335A56C4978}.Debug|x86.Build.0 = Debug|Win32
		{B08E0176-C5C3-4734-929A-5335A56C4978}.Release|x64.ActiveCfg = Release|x64
		{B08E0176-C5C3-4734-929A-5335A56C4978}.Release|x64.Build.0 = Release|x64
		{B08E0176-C5C3-4734-929A-5335A56C4978}.Release|x86.ActiveCfg = Release|Win32
		{B08E0176-C5C3-4734-929A-5335A56C4978}.Release|x86.Build.0 = Release|Win32
		{8C4A1F20-FC1A-4234-89EB-85FBAFB8EC7D}.Debug|x64.ActiveCfg = Debug|x64
		{8C4A1F20-FC1A-4234-89EB-85FBAFB8EC7D}.Debug|x64.Build.0 = Debug|x64
		{8C4A1F20-FC1A-4234-89EB-85FBAFB8EC7D}.Debug|x86.ActiveCfg = Debug|Win32
		{8C4A1F20-FC1A-4234-89EB-85FBAFB8EC7D}.Debug|x86.Build.0 = Debug|Win32
		{8C4A1F20-FC1A-4234-89EB-85FBAFB8EC7D}.Release|x64.ActiveCfg = Release|x64
		{8C4A1F20-FC1A-4234-89EB-85FBAFB8EC7D}.Release|x64.Build.0 = Release|x64
		{8C4A1F20-FC1A-4234-89EB-85FBAFB8EC7D}.Release|x86.ActiveCfg = Release|Win32
		{8C4A1F20-FC1A-4234-89EB-85FBAFB8EC7D}.Release|x86.Build.0 = Release|Win32
	EndGlobalSection
	GlobalSection(SolutionProperties) = preSolution
		HideSolutionNode = FALSE
	EndGlobalSection
	GlobalSection(ExtensibilityGlobals) = postSolution
		SolutionGuid = {8D402EC2-8E1F-4A18-9EB9-9CFBEAE9A862}
	EndGlobalSection
EndGlobal
