
Microsoft Visual Studio Solution File, Format Version 12.00
# Visual Studio Version 17
VisualStudioVersion = 17.10.35027.167
MinimumVisualStudioVersion = 10.0.40219.1
Project("{8BC9CEB8-8B4A-11D0-8D11-00A0C91BC942}") = "Practice", "Practice.vcxproj", "{E0E047C1-F1D8-49D5-83C8-93D262BC2966}"
EndProject
Project("{8BC9CEB8-8B4A-11D0-8D11-00A0C91BC942}") = "difficulty", "..\ExamSolution\difficulty\difficulty.vcxproj", "{C78157BE-FC34-4EBB-B63F-7B4C336E082F}"
EndProject
Project("{8BC9CEB8-8B4A-11D0-8D11-00A0C91BC942}") = "arrayMax", "..\ExamSolution\arrayMax\arrayMax.vcxproj", "{21ECE900-08C0-4553-BEF0-0EABD86DF98B}"
EndProject
Project("{8BC9CEB8-8B4A-11D0-8D11-00A0C91BC942}") = "binaryAdd", "..\ExamSolution\binaryAdd\binaryAdd.vcxproj", "{BEFE76FB-E2F5-4896-8041-9376E045F206}"
EndProject
Project("{8BC9CEB8-8B4A-11D0-8D11-00A0C91BC942}") = "chessBoard", "..\ExamSolution\chessBoard\chessBoard.vcxproj", "{FC7EA704-1B87-4AC5-A1CF-7B37AC5F3CEA}"
EndProject
Project("{8BC9CEB8-8B4A-11D0-8D11-00A0C91BC942}") = "consecutive_Num", "..\ExamSolution\consecutive_Num\consecutive_Num.vcxproj", "{F29CF249-ADE0-4D38-9BF5-E39AD4836FA3}"
EndProject
Project("{8BC9CEB8-8B4A-11D0-8D11-00A0C91BC942}") = "Josephus", "..\ExamSolution\Josephus\Josephus.vcxproj", "{B08E0176-C5C3-4734-929A-5335A56C4978}"
EndProject
Project("{8BC9CEB8-8B4A-11D0-8D11-00A0C91BC942}") = "lanCord", "..\ExamSolution\lanCord\lanCord.vcxproj", "{8C4A1F20-FC1A-4234-89EB-85FBAFB8EC7D}"
EndProject
Project("{8BC9CEB8-8B4A-11D0-8D11-00A0C91BC942}") = "name", "..\ExamSolution\name\name.vcxproj", "{55500066-BB6B-4419-BFC6-4C882621EA0C}"
EndProject
Project("{8BC9CEB8-8B4A-11D0-8D11-00A0C91BC942}") = "pop_array", "..\ExamSolution\pop_array\pop_array.vcxproj", "{40A6410C-06E3-456E-A551-C7645A858F27}"
EndProject
Project("{8BC9CEB8-8B4A-11D0-8D11-00A0C91BC942}") = "prime_Number", "..\ExamSolution\prime_Number\prime_Number.vcxproj", "{9F1326B7-0250-4C8B-B605-EA33338F02A2}"
EndProject
Project("{8BC9CEB8-8B4A-11D0-8D11-00A0C91BC942}") = "printQueue", "..\ExamSolution\printQueue\printQueue.vcxproj", "{C67E5F9E-3D42-4873-B364-7C0DE34D0947}"
EndProject
Project("{8BC9CEB8-8B4A-11D0-8D11-00A0C91BC942}") = "reverse", "..\ExamSolution\reverse\reverse.vcxproj", "{2AEDDFA8-6801-481C-ACCF-89D07A247CA9}"
EndProject
Project("{8BC9CEB8-8B4A-11D0-8D11-00A0C91BC942}") = "stack_NumberCard", "..\ExamSolution\stack_NumberCard\stack_NumberCard.vcxproj", "{7DC80F4F-D0E1-41D5-A52D-E49222114477}"
EndProject
Project("{8BC9CEB8-8B4A-11D0-8D11-00A0C91BC942}") = "TVSize", "..\ExamSolution\TVSize\TVSize.vcxproj", "{D617111D-CA6E-4215-A3D8-522D61BA0B07}"
EndProject
Project("{8BC9CEB8-8B4A-11D0-8D11-00A0C91BC942}") = "varianceComputer", "..\ExamSolution\varianceComputer\varianceComputer.vcxproj", "{AE048B6E-F79A-4763-9AEC-3CF785C506DF}"
EndProject
Project("{2150E333-8FDC-42A3-9474-1A3956D46DE8}") = "examsolution", "examsolution", "{DA3926C5-F8D6-4C2C-8120-5AC004D9B15D}"
EndProject
Project("{2150E333-8FDC-42A3-9474-1A3956D46DE8}") = "Algorithm", "Algorithm", "{CC26C782-E060-4DD2-A02B-42E329AD60AD}"
EndProject
Project("{8BC9CEB8-8B4A-11D0-8D11-00A0C91BC942}") = "CountingSort", "..\Algorithm\CountingSort\CountingSort.vcxproj", "{331F30F6-08FF-4D1E-B0BF-290A678B5907}"
EndProject
Project("{8BC9CEB8-8B4A-11D0-8D11-00A0C91BC942}") = "deque", "..\Algorithm\deque\deque.vcxproj", "{284B4B78-625E-4392-B08D-B433A3F2CBA1}"
EndProject
Project("{8BC9CEB8-8B4A-11D0-8D11-00A0C91BC942}") = "HashTable", "..\Algorithm\HashTable\HashTable.vcxproj", "{8C3964C0-6938-4E59-910C-D3BFF1927458}"
EndProject
Project("{8BC9CEB8-8B4A-11D0-8D11-00A0C91BC942}") = "QUEUE", "..\Algorithm\QUEUE\QUEUE.vcxproj", "{F4B09E3E-AC41-41E8-95B3-026A0100DFB3}"
EndProject
Project("{8BC9CEB8-8B4A-11D0-8D11-00A0C91BC942}") = "STACK", "..\Algorithm\STACK\STACK.vcxproj", "{B51663AC-7635-4D99-B577-15C8C0AFD3BD}"
EndProject
Project("{8BC9CEB8-8B4A-11D0-8D11-00A0C91BC942}") = "BinarySearch", "..\Algorithm\BinarySearch\BinarySearch.vcxproj", "{E138ECF5-7570-4AD4-83F1-54EB2F6A4342}"
EndProject
Project("{8BC9CEB8-8B4A-11D0-8D11-00A0C91BC942}") = "reverse2", "..\ExamSolution\reverse2\reverse2.vcxproj", "{E35E0D05-FA1F-4BF8-B151-051F71DCAB90}"
EndProject
Project("{8BC9CEB8-8B4A-11D0-8D11-00A0C91BC942}") = "NGE", "..\ExamSolution\NGE\NGE.vcxproj", "{55212B52-7A18-4BE9-97CE-40345A7D6C6B}"
EndProject
Project("{8BC9CEB8-8B4A-11D0-8D11-00A0C91BC942}") = "postfix", "..\ExamSolution\postfix\postfix.vcxproj", "{0D7F7C8A-77BE-44AC-B6FA-E05103E3D584}"
EndProject
Project("{8BC9CEB8-8B4A-11D0-8D11-00A0C91BC942}") = "statistics", "..\ExamSolution\statistics\statistics.vcxproj", "{204032FA-9573-4791-BC17-2813E9FD67BF}"
EndProject
Project("{8BC9CEB8-8B4A-11D0-8D11-00A0C91BC942}") = "findPoint", "..\ExamSolution\findPoint\findPoint.vcxproj", "{FFD768F5-AEE5-42A6-AD16-043EF9D6FC93}"
EndProject
Project("{8BC9CEB8-8B4A-11D0-8D11-00A0C91BC942}") = "archivist", "..\ExamSolution\archivist\archivist.vcxproj", "{DFE58E2C-9DCC-408B-AE53-F888875F2541}"
EndProject
Project("{8BC9CEB8-8B4A-11D0-8D11-00A0C91BC942}") = "transactions", "..\ExamSolution\transactions\transactions.vcxproj", "{09E3D89D-DEC4-4215-BD9C-CD5CA0ED8E78}"
EndProject
Project("{8BC9CEB8-8B4A-11D0-8D11-00A0C91BC942}") = "doubles", "..\ExamSolution\doubles\doubles.vcxproj", "{DB65136D-A54B-4701-B26D-CA0D2A30627A}"
EndProject
Project("{8BC9CEB8-8B4A-11D0-8D11-00A0C91BC942}") = "throwBall", "..\ExamSolution\throwBall\throwBall.vcxproj", "{01666A48-34DE-433F-BB49-A3EE398AF16A}"
EndProject
Project("{8BC9CEB8-8B4A-11D0-8D11-00A0C91BC942}") = "triangleNum", "..\ExamSolution\triangleNum\triangleNum.vcxproj", "{97D96094-7D88-486A-B7B2-81ECBA4D9312}"
EndProject
Global
	GlobalSection(SolutionConfigurationPlatforms) = preSolution
		Debug|x64 = Debug|x64
		Debug|x86 = Debug|x86
		Release|x64 = Release|x64
		Release|x86 = Release|x86
	EndGlobalSection
	GlobalSection(ProjectConfigurationPlatforms) = postSolution
		{E0E047C1-F1D8-49D5-83C8-93D262BC2966}.Debug|x64.ActiveCfg = Debug|x64
		{E0E047C1-F1D8-49D5-83C8-93D262BC2966}.Debug|x64.Build.0 = Debug|x64
		{E0E047C1-F1D8-49D5-83C8-93D262BC2966}.Debug|x86.ActiveCfg = Debug|Win32
		{E0E047C1-F1D8-49D5-83C8-93D262BC2966}.Debug|x86.Build.0 = Debug|Win32
		{E0E047C1-F1D8-49D5-83C8-93D262BC2966}.Release|x64.ActiveCfg = Release|x64
		{E0E047C1-F1D8-49D5-83C8-93D262BC2966}.Release|x64.Build.0 = Release|x64
		{E0E047C1-F1D8-49D5-83C8-93D262BC2966}.Release|x86.ActiveCfg = Release|Win32
		{E0E047C1-F1D8-49D5-83C8-93D262BC2966}.Release|x86.Build.0 = Release|Win32
		{C78157BE-FC34-4EBB-B63F-7B4C336E082F}.Debug|x64.ActiveCfg = Debug|x64
		{C78157BE-FC34-4EBB-B63F-7B4C336E082F}.Debug|x64.Build.0 = Debug|x64
		{C78157BE-FC34-4EBB-B63F-7B4C336E082F}.Debug|x86.ActiveCfg = Debug|Win32
		{C78157BE-FC34-4EBB-B63F-7B4C336E082F}.Debug|x86.Build.0 = Debug|Win32
		{C78157BE-FC34-4EBB-B63F-7B4C336E082F}.Release|x64.ActiveCfg = Release|x64
		{C78157BE-FC34-4EBB-B63F-7B4C336E082F}.Release|x64.Build.0 = Release|x64
		{C78157BE-FC34-4EBB-B63F-7B4C336E082F}.Release|x86.ActiveCfg = Release|Win32
		{C78157BE-FC34-4EBB-B63F-7B4C336E082F}.Release|x86.Build.0 = Release|Win32
		{21ECE900-08C0-4553-BEF0-0EABD86DF98B}.Debug|x64.ActiveCfg = Debug|x64
		{21ECE900-08C0-4553-BEF0-0EABD86DF98B}.Debug|x64.Build.0 = Debug|x64
		{21ECE900-08C0-4553-BEF0-0EABD86DF98B}.Debug|x86.ActiveCfg = Debug|Win32
		{21ECE900-08C0-4553-BEF0-0EABD86DF98B}.Debug|x86.Build.0 = Debug|Win32
		{21ECE900-08C0-4553-BEF0-0EABD86DF98B}.Release|x64.ActiveCfg = Release|x64
		{21ECE900-08C0-4553-BEF0-0EABD86DF98B}.Release|x64.Build.0 = Release|x64
		{21ECE900-08C0-4553-BEF0-0EABD86DF98B}.Release|x86.ActiveCfg = Release|Win32
		{21ECE900-08C0-4553-BEF0-0EABD86DF98B}.Release|x86.Build.0 = Release|Win32
		{BEFE76FB-E2F5-4896-8041-9376E045F206}.Debug|x64.ActiveCfg = Debug|x64
		{BEFE76FB-E2F5-4896-8041-9376E045F206}.Debug|x64.Build.0 = Debug|x64
		{BEFE76FB-E2F5-4896-8041-9376E045F206}.Debug|x86.ActiveCfg = Debug|Win32
		{BEFE76FB-E2F5-4896-8041-9376E045F206}.Debug|x86.Build.0 = Debug|Win32
		{BEFE76FB-E2F5-4896-8041-9376E045F206}.Release|x64.ActiveCfg = Release|x64
		{BEFE76FB-E2F5-4896-8041-9376E045F206}.Release|x64.Build.0 = Release|x64
		{BEFE76FB-E2F5-4896-8041-9376E045F206}.Release|x86.ActiveCfg = Release|Win32
		{BEFE76FB-E2F5-4896-8041-9376E045F206}.Release|x86.Build.0 = Release|Win32
		{FC7EA704-1B87-4AC5-A1CF-7B37AC5F3CEA}.Debug|x64.ActiveCfg = Debug|x64
		{FC7EA704-1B87-4AC5-A1CF-7B37AC5F3CEA}.Debug|x64.Build.0 = Debug|x64
		{FC7EA704-1B87-4AC5-A1CF-7B37AC5F3CEA}.Debug|x86.ActiveCfg = Debug|Win32
		{FC7EA704-1B87-4AC5-A1CF-7B37AC5F3CEA}.Debug|x86.Build.0 = Debug|Win32
		{FC7EA704-1B87-4AC5-A1CF-7B37AC5F3CEA}.Release|x64.ActiveCfg = Release|x64
		{FC7EA704-1B87-4AC5-A1CF-7B37AC5F3CEA}.Release|x64.Build.0 = Release|x64
		{FC7EA704-1B87-4AC5-A1CF-7B37AC5F3CEA}.Release|x86.ActiveCfg = Release|Win32
		{FC7EA704-1B87-4AC5-A1CF-7B37AC5F3CEA}.Release|x86.Build.0 = Release|Win32
		{F29CF249-ADE0-4D38-9BF5-E39AD4836FA3}.Debug|x64.ActiveCfg = Debug|x64
		{F29CF249-ADE0-4D38-9BF5-E39AD4836FA3}.Debug|x64.Build.0 = Debug|x64
		{F29CF249-ADE0-4D38-9BF5-E39AD4836FA3}.Debug|x86.ActiveCfg = Debug|Win32
		{F29CF249-ADE0-4D38-9BF5-E39AD4836FA3}.Debug|x86.Build.0 = Debug|Win32
		{F29CF249-ADE0-4D38-9BF5-E39AD4836FA3}.Release|x64.ActiveCfg = Release|x64
		{F29CF249-ADE0-4D38-9BF5-E39AD4836FA3}.Release|x64.Build.0 = Release|x64
		{F29CF249-ADE0-4D38-9BF5-E39AD4836FA3}.Release|x86.ActiveCfg = Release|Win32
		{F29CF249-ADE0-4D38-9BF5-E39AD4836FA3}.Release|x86.Build.0 = Release|Win32
		{B08E0176-C5C3-4734-929A-5335A56C4978}.Debug|x64.ActiveCfg = Debug|x64
		{B08E0176-C5C3-4734-929A-5335A56C4978}.Debug|x64.Build.0 = Debug|x64
		{B08E0176-C5C3-4734-929A-5335A56C4978}.Debug|x86.ActiveCfg = Debug|Win32
		{B08E0176-C5C3-4734-929A-5335A56C4978}.Debug|x86.Build.0 = Debug|Win32
		{B08E0176-C5C3-4734-929A-5335A56C4978}.Release|x64.ActiveCfg = Release|x64
		{B08E0176-C5C3-4734-929A-5335A56C4978}.Release|x64.Build.0 = Release|x64
		{B08E0176-C5C3-4734-929A-5335A56C4978}.Release|x86.ActiveCfg = Release|Win32
		{B08E0176-C5C3-4734-929A-5335A56C4978}.Release|x86.Build.0 = Release|Win32
		{8C4A1F20-FC1A-4234-89EB-85FBAFB8EC7D}.Debug|x64.ActiveCfg = Debug|x64
		{8C4A1F20-FC1A-4234-89EB-85FBAFB8EC7D}.Debug|x64.Build.0 = Debug|x64
		{8C4A1F20-FC1A-4234-89EB-85FBAFB8EC7D}.Debug|x86.ActiveCfg = Debug|Win32
		{8C4A1F20-FC1A-4234-89EB-85FBAFB8EC7D}.Debug|x86.Build.0 = Debug|Win32
		{8C4A1F20-FC1A-4234-89EB-85FBAFB8EC7D}.Release|x64.ActiveCfg = Release|x64
		{8C4A1F20-FC1A-4234-89EB-85FBAFB8EC7D}.Release|x64.Build.0 = Release|x64
		{8C4A1F20-FC1A-4234-89EB-85FBAFB8EC7D}.Release|x86.ActiveCfg = Release|Win32
		{8C4A1F20-FC1A-4234-89EB-85FBAFB8EC7D}.Release|x86.Build.0 = Release|Win32
		{55500066-BB6B-4419-BFC6-4C882621EA0C}.Debug|x64.ActiveCfg = Debug|x64
		{55500066-BB6B-4419-BFC6-4C882621EA0C}.Debug|x64.Build.0 = Debug|x64
		{55500066-BB6B-4419-BFC6-4C882621EA0C}.Debug|x86.ActiveCfg = Debug|Win32
		{55500066-BB6B-4419-BFC6-4C882621EA0C}.Debug|x86.Build.0 = Debug|Win32
		{55500066-BB6B-4419-BFC6-4C882621EA0C}.Release|x64.ActiveCfg = Release|x64
		{55500066-BB6B-4419-BFC6-4C882621EA0C}.Release|x64.Build.0 = Release|x64
		{55500066-BB6B-4419-BFC6-4C882621EA0C}.Release|x86.ActiveCfg = Release|Win32
		{55500066-BB6B-4419-BFC6-4C882621EA0C}.Release|x86.Build.0 = Release|Win32
		{40A6410C-06E3-456E-A551-C7645A858F27}.Debug|x64.ActiveCfg = Debug|x64
		{40A6410C-06E3-456E-A551-C7645A858F27}.Debug|x64.Build.0 = Debug|x64
		{40A6410C-06E3-456E-A551-C7645A858F27}.Debug|x86.ActiveCfg = Debug|Win32
		{40A6410C-06E3-456E-A551-C7645A858F27}.Debug|x86.Build.0 = Debug|Win32
		{40A6410C-06E3-456E-A551-C7645A858F27}.Release|x64.ActiveCfg = Release|x64
		{40A6410C-06E3-456E-A551-C7645A858F27}.Release|x64.Build.0 = Release|x64
		{40A6410C-06E3-456E-A551-C7645A858F27}.Release|x86.ActiveCfg = Release|Win32
		{40A6410C-06E3-456E-A551-C7645A858F27}.Release|x86.Build.0 = Release|Win32
		{9F1326B7-0250-4C8B-B605-EA33338F02A2}.Debug|x64.ActiveCfg = Debug|x64
		{9F1326B7-0250-4C8B-B605-EA33338F02A2}.Debug|x64.Build.0 = Debug|x64
		{9F1326B7-0250-4C8B-B605-EA33338F02A2}.Debug|x86.ActiveCfg = Debug|Win32
		{9F1326B7-0250-4C8B-B605-EA33338F02A2}.Debug|x86.Build.0 = Debug|Win32
		{9F1326B7-0250-4C8B-B605-EA33338F02A2}.Release|x64.ActiveCfg = Release|x64
		{9F1326B7-0250-4C8B-B605-EA33338F02A2}.Release|x64.Build.0 = Release|x64
		{9F1326B7-0250-4C8B-B605-EA33338F02A2}.Release|x86.ActiveCfg = Release|Win32
		{9F1326B7-0250-4C8B-B605-EA33338F02A2}.Release|x86.Build.0 = Release|Win32
		{C67E5F9E-3D42-4873-B364-7C0DE34D0947}.Debug|x64.ActiveCfg = Debug|x64
		{C67E5F9E-3D42-4873-B364-7C0DE34D0947}.Debug|x64.Build.0 = Debug|x64
		{C67E5F9E-3D42-4873-B364-7C0DE34D0947}.Debug|x86.ActiveCfg = Debug|Win32
		{C67E5F9E-3D42-4873-B364-7C0DE34D0947}.Debug|x86.Build.0 = Debug|Win32
		{C67E5F9E-3D42-4873-B364-7C0DE34D0947}.Release|x64.ActiveCfg = Release|x64
		{C67E5F9E-3D42-4873-B364-7C0DE34D0947}.Release|x64.Build.0 = Release|x64
		{C67E5F9E-3D42-4873-B364-7C0DE34D0947}.Release|x86.ActiveCfg = Release|Win32
		{C67E5F9E-3D42-4873-B364-7C0DE34D0947}.Release|x86.Build.0 = Release|Win32
		{2AEDDFA8-6801-481C-ACCF-89D07A247CA9}.Debug|x64.ActiveCfg = Debug|x64
		{2AEDDFA8-6801-481C-ACCF-89D07A247CA9}.Debug|x64.Build.0 = Debug|x64
		{2AEDDFA8-6801-481C-ACCF-89D07A247CA9}.Debug|x86.ActiveCfg = Debug|Win32
		{2AEDDFA8-6801-481C-ACCF-89D07A247CA9}.Debug|x86.Build.0 = Debug|Win32
		{2AEDDFA8-6801-481C-ACCF-89D07A247CA9}.Release|x64.ActiveCfg = Release|x64
		{2AEDDFA8-6801-481C-ACCF-89D07A247CA9}.Release|x64.Build.0 = Release|x64
		{2AEDDFA8-6801-481C-ACCF-89D07A247CA9}.Release|x86.ActiveCfg = Release|Win32
		{2AEDDFA8-6801-481C-ACCF-89D07A247CA9}.Release|x86.Build.0 = Release|Win32
		{7DC80F4F-D0E1-41D5-A52D-E49222114477}.Debug|x64.ActiveCfg = Debug|x64
		{7DC80F4F-D0E1-41D5-A52D-E49222114477}.Debug|x64.Build.0 = Debug|x64
		{7DC80F4F-D0E1-41D5-A52D-E49222114477}.Debug|x86.ActiveCfg = Debug|Win32
		{7DC80F4F-D0E1-41D5-A52D-E49222114477}.Debug|x86.Build.0 = Debug|Win32
		{7DC80F4F-D0E1-41D5-A52D-E49222114477}.Release|x64.ActiveCfg = Release|x64
		{7DC80F4F-D0E1-41D5-A52D-E49222114477}.Release|x64.Build.0 = Release|x64
		{7DC80F4F-D0E1-41D5-A52D-E49222114477}.Release|x86.ActiveCfg = Release|Win32
		{7DC80F4F-D0E1-41D5-A52D-E49222114477}.Release|x86.Build.0 = Release|Win32
		{D617111D-CA6E-4215-A3D8-522D61BA0B07}.Debug|x64.ActiveCfg = Debug|x64
		{D617111D-CA6E-4215-A3D8-522D61BA0B07}.Debug|x64.Build.0 = Debug|x64
		{D617111D-CA6E-4215-A3D8-522D61BA0B07}.Debug|x86.ActiveCfg = Debug|Win32
		{D617111D-CA6E-4215-A3D8-522D61BA0B07}.Debug|x86.Build.0 = Debug|Win32
		{D617111D-CA6E-4215-A3D8-522D61BA0B07}.Release|x64.ActiveCfg = Release|x64
		{D617111D-CA6E-4215-A3D8-522D61BA0B07}.Release|x64.Build.0 = Release|x64
		{D617111D-CA6E-4215-A3D8-522D61BA0B07}.Release|x86.ActiveCfg = Release|Win32
		{D617111D-CA6E-4215-A3D8-522D61BA0B07}.Release|x86.Build.0 = Release|Win32
		{AE048B6E-F79A-4763-9AEC-3CF785C506DF}.Debug|x64.ActiveCfg = Debug|x64
		{AE048B6E-F79A-4763-9AEC-3CF785C506DF}.Debug|x64.Build.0 = Debug|x64
		{AE048B6E-F79A-4763-9AEC-3CF785C506DF}.Debug|x86.ActiveCfg = Debug|Win32
		{AE048B6E-F79A-4763-9AEC-3CF785C506DF}.Debug|x86.Build.0 = Debug|Win32
		{AE048B6E-F79A-4763-9AEC-3CF785C506DF}.Release|x64.ActiveCfg = Release|x64
		{AE048B6E-F79A-4763-9AEC-3CF785C506DF}.Release|x64.Build.0 = Release|x64
		{AE048B6E-F79A-4763-9AEC-3CF785C506DF}.Release|x86.ActiveCfg = Release|Win32
		{AE048B6E-F79A-4763-9AEC-3CF785C506DF}.Release|x86.Build.0 = Release|Win32
		{331F30F6-08FF-4D1E-B0BF-290A678B5907}.Debug|x64.ActiveCfg = Debug|x64
		{331F30F6-08FF-4D1E-B0BF-290A678B5907}.Debug|x64.Build.0 = Debug|x64
		{331F30F6-08FF-4D1E-B0BF-290A678B5907}.Debug|x86.ActiveCfg = Debug|Win32
		{331F30F6-08FF-4D1E-B0BF-290A678B5907}.Debug|x86.Build.0 = Debug|Win32
		{331F30F6-08FF-4D1E-B0BF-290A678B5907}.Release|x64.ActiveCfg = Release|x64
		{331F30F6-08FF-4D1E-B0BF-290A678B5907}.Release|x64.Build.0 = Release|x64
		{331F30F6-08FF-4D1E-B0BF-290A678B5907}.Release|x86.ActiveCfg = Release|Win32
		{331F30F6-08FF-4D1E-B0BF-290A678B5907}.Release|x86.Build.0 = Release|Win32
		{284B4B78-625E-4392-B08D-B433A3F2CBA1}.Debug|x64.ActiveCfg = Debug|x64
		{284B4B78-625E-4392-B08D-B433A3F2CBA1}.Debug|x64.Build.0 = Debug|x64
		{284B4B78-625E-4392-B08D-B433A3F2CBA1}.Debug|x86.ActiveCfg = Debug|Win32
		{284B4B78-625E-4392-B08D-B433A3F2CBA1}.Debug|x86.Build.0 = Debug|Win32
		{284B4B78-625E-4392-B08D-B433A3F2CBA1}.Release|x64.ActiveCfg = Release|x64
		{284B4B78-625E-4392-B08D-B433A3F2CBA1}.Release|x64.Build.0 = Release|x64
		{284B4B78-625E-4392-B08D-B433A3F2CBA1}.Release|x86.ActiveCfg = Release|Win32
		{284B4B78-625E-4392-B08D-B433A3F2CBA1}.Release|x86.Build.0 = Release|Win32
		{8C3964C0-6938-4E59-910C-D3BFF1927458}.Debug|x64.ActiveCfg = Debug|x64
		{8C3964C0-6938-4E59-910C-D3BFF1927458}.Debug|x64.Build.0 = Debug|x64
		{8C3964C0-6938-4E59-910C-D3BFF1927458}.Debug|x86.ActiveCfg = Debug|Win32
		{8C3964C0-6938-4E59-910C-D3BFF1927458}.Debug|x86.Build.0 = Debug|Win32
		{8C3964C0-6938-4E59-910C-D3BFF1927458}.Release|x64.ActiveCfg = Release|x64
		{8C3964C0-6938-4E59-910C-D3BFF1927458}.Release|x64.Build.0 = Release|x64
		{8C3964C0-6938-4E59-910C-D3BFF1927458}.Release|x86.ActiveCfg = Release|Win32
		{8C3964C0-6938-4E59-910C-D3BFF1927458}.Release|x86.Build.0 = Release|Win32
		{F4B09E3E-AC41-41E8-95B3-026A0100DFB3}.Debug|x64.ActiveCfg = Debug|x64
		{F4B09E3E-AC41-41E8-95B3-026A0100DFB3}.Debug|x64.Build.0 = Debug|x64
		{F4B09E3E-AC41-41E8-95B3-026A0100DFB3}.Debug|x86.ActiveCfg = Debug|Win32
		{F4B09E3E-AC41-41E8-95B3-026A0100DFB3}.Debug|x86.Build.0 = Debug|Win32
		{F4B09E3E-AC41-41E8-95B3-026A0100DFB3}.Release|x64.ActiveCfg = Release|x64
		{F4B09E3E-AC41-41E8-95B3-026A0100DFB3}.Release|x64.Build.0 = Release|x64
		{F4B09E3E-AC41-41E8-95B3-026A0100DFB3}.Release|x86.ActiveCfg = Release|Win32
		{F4B09E3E-AC41-41E8-95B3-026A0100DFB3}.Release|x86.Build.0 = Release|Win32
		{B51663AC-7635-4D99-B577-15C8C0AFD3BD}.Debug|x64.ActiveCfg = Debug|x64
		{B51663AC-7635-4D99-B577-15C8C0AFD3BD}.Debug|x64.Build.0 = Debug|x64
		{B51663AC-7635-4D99-B577-15C8C0AFD3BD}.Debug|x86.ActiveCfg = Debug|Win32
		{B51663AC-7635-4D99-B577-15C8C0AFD3BD}.Debug|x86.Build.0 = Debug|Win32
		{B51663AC-7635-4D99-B577-15C8C0AFD3BD}.Release|x64.ActiveCfg = Release|x64
		{B51663AC-7635-4D99-B577-15C8C0AFD3BD}.Release|x64.Build.0 = Release|x64
		{B51663AC-7635-4D99-B577-15C8C0AFD3BD}.Release|x86.ActiveCfg = Release|Win32
		{B51663AC-7635-4D99-B577-15C8C0AFD3BD}.Release|x86.Build.0 = Release|Win32
		{E138ECF5-7570-4AD4-83F1-54EB2F6A4342}.Debug|x64.ActiveCfg = Debug|x64
		{E138ECF5-7570-4AD4-83F1-54EB2F6A4342}.Debug|x64.Build.0 = Debug|x64
		{E138ECF5-7570-4AD4-83F1-54EB2F6A4342}.Debug|x86.ActiveCfg = Debug|Win32
		{E138ECF5-7570-4AD4-83F1-54EB2F6A4342}.Debug|x86.Build.0 = Debug|Win32
		{E138ECF5-7570-4AD4-83F1-54EB2F6A4342}.Release|x64.ActiveCfg = Release|x64
		{E138ECF5-7570-4AD4-83F1-54EB2F6A4342}.Release|x64.Build.0 = Release|x64
		{E138ECF5-7570-4AD4-83F1-54EB2F6A4342}.Release|x86.ActiveCfg = Release|Win32
		{E138ECF5-7570-4AD4-83F1-54EB2F6A4342}.Release|x86.Build.0 = Release|Win32
		{E35E0D05-FA1F-4BF8-B151-051F71DCAB90}.Debug|x64.ActiveCfg = Debug|x64
		{E35E0D05-FA1F-4BF8-B151-051F71DCAB90}.Debug|x64.Build.0 = Debug|x64
		{E35E0D05-FA1F-4BF8-B151-051F71DCAB90}.Debug|x86.ActiveCfg = Debug|Win32
		{E35E0D05-FA1F-4BF8-B151-051F71DCAB90}.Debug|x86.Build.0 = Debug|Win32
		{E35E0D05-FA1F-4BF8-B151-051F71DCAB90}.Release|x64.ActiveCfg = Release|x64
		{E35E0D05-FA1F-4BF8-B151-051F71DCAB90}.Release|x64.Build.0 = Release|x64
		{E35E0D05-FA1F-4BF8-B151-051F71DCAB90}.Release|x86.ActiveCfg = Release|Win32
		{E35E0D05-FA1F-4BF8-B151-051F71DCAB90}.Release|x86.Build.0 = Release|Win32
		{55212B52-7A18-4BE9-97CE-40345A7D6C6B}.Debug|x64.ActiveCfg = Debug|x64
		{55212B52-7A18-4BE9-97CE-40345A7D6C6B}.Debug|x64.Build.0 = Debug|x64
		{55212B52-7A18-4BE9-97CE-40345A7D6C6B}.Debug|x86.ActiveCfg = Debug|Win32
		{55212B52-7A18-4BE9-97CE-40345A7D6C6B}.Debug|x86.Build.0 = Debug|Win32
		{55212B52-7A18-4BE9-97CE-40345A7D6C6B}.Release|x64.ActiveCfg = Release|x64
		{55212B52-7A18-4BE9-97CE-40345A7D6C6B}.Release|x64.Build.0 = Release|x64
		{55212B52-7A18-4BE9-97CE-40345A7D6C6B}.Release|x86.ActiveCfg = Release|Win32
		{55212B52-7A18-4BE9-97CE-40345A7D6C6B}.Release|x86.Build.0 = Release|Win32
		{0D7F7C8A-77BE-44AC-B6FA-E05103E3D584}.Debug|x64.ActiveCfg = Debug|x64
		{0D7F7C8A-77BE-44AC-B6FA-E05103E3D584}.Debug|x64.Build.0 = Debug|x64
		{0D7F7C8A-77BE-44AC-B6FA-E05103E3D584}.Debug|x86.ActiveCfg = Debug|Win32
		{0D7F7C8A-77BE-44AC-B6FA-E05103E3D584}.Debug|x86.Build.0 = Debug|Win32
		{0D7F7C8A-77BE-44AC-B6FA-E05103E3D584}.Release|x64.ActiveCfg = Release|x64
		{0D7F7C8A-77BE-44AC-B6FA-E05103E3D584}.Release|x64.Build.0 = Release|x64
		{0D7F7C8A-77BE-44AC-B6FA-E05103E3D584}.Release|x86.ActiveCfg = Release|Win32
		{0D7F7C8A-77BE-44AC-B6FA-E05103E3D584}.Release|x86.Build.0 = Release|Win32
		{204032FA-9573-4791-BC17-2813E9FD67BF}.Debug|x64.ActiveCfg = Debug|x64
		{204032FA-9573-4791-BC17-2813E9FD67BF}.Debug|x64.Build.0 = Debug|x64
		{204032FA-9573-4791-BC17-2813E9FD67BF}.Debug|x86.ActiveCfg = Debug|Win32
		{204032FA-9573-4791-BC17-2813E9FD67BF}.Debug|x86.Build.0 = Debug|Win32
		{204032FA-9573-4791-BC17-2813E9FD67BF}.Release|x64.ActiveCfg = Release|x64
		{204032FA-9573-4791-BC17-2813E9FD67BF}.Release|x64.Build.0 = Release|x64
		{204032FA-9573-4791-BC17-2813E9FD67BF}.Release|x86.ActiveCfg = Release|Win32
		{204032FA-9573-4791-BC17-2813E9FD67BF}.Release|x86.Build.0 = Release|Win32
		{FFD768F5-AEE5-42A6-AD16-043EF9D6FC93}.Debug|x64.ActiveCfg = Debug|x64
		{FFD768F5-AEE5-42A6-AD16-043EF9D6FC93}.Debug|x64.Build.0 = Debug|x64
		{FFD768F5-AEE5-42A6-AD16-043EF9D6FC93}.Debug|x86.ActiveCfg = Debug|Win32
		{FFD768F5-AEE5-42A6-AD16-043EF9D6FC93}.Debug|x86.Build.0 = Debug|Win32
		{FFD768F5-AEE5-42A6-AD16-043EF9D6FC93}.Release|x64.ActiveCfg = Release|x64
		{FFD768F5-AEE5-42A6-AD16-043EF9D6FC93}.Release|x64.Build.0 = Release|x64
		{FFD768F5-AEE5-42A6-AD16-043EF9D6FC93}.Release|x86.ActiveCfg = Release|Win32
		{FFD768F5-AEE5-42A6-AD16-043EF9D6FC93}.Release|x86.Build.0 = Release|Win32
		{DFE58E2C-9DCC-408B-AE53-F888875F2541}.Debug|x64.ActiveCfg = Debug|x64
		{DFE58E2C-9DCC-408B-AE53-F888875F2541}.Debug|x64.Build.0 = Debug|x64
		{DFE58E2C-9DCC-408B-AE53-F888875F2541}.Debug|x86.ActiveCfg = Debug|Win32
		{DFE58E2C-9DCC-408B-AE53-F888875F2541}.Debug|x86.Build.0 = Debug|Win32
		{DFE58E2C-9DCC-408B-AE53-F888875F2541}.Release|x64.ActiveCfg = Release|x64
		{DFE58E2C-9DCC-408B-AE53-F888875F2541}.Release|x64.Build.0 = Release|x64
		{DFE58E2C-9DCC-408B-AE53-F888875F2541}.Release|x86.ActiveCfg = Release|Win32
		{DFE58E2C-9DCC-408B-AE53-F888875F2541}.Release|x86.Build.0 = Release|Win32
		{09E3D89D-DEC4-4215-BD9C-CD5CA0ED8E78}.Debug|x64.ActiveCfg = Debug|x64
		{09E3D89D-DEC4-4215-BD9C-CD5CA0ED8E78}.Debug|x64.Build.0 = Debug|x64
		{09E3D89D-DEC4-4215-BD9C-CD5CA0ED8E78}.Debug|x86.ActiveCfg = Debug|Win32
		{09E3D89D-DEC4-4215-BD9C-CD5CA0ED8E78}.Debug|x86.Build.0 = Debug|Win32
		{09E3D89D-DEC4-4215-BD9C-CD5CA0ED8E78}.Release|x64.ActiveCfg = Release|x64
		{09E3D89D-DEC4-4215-BD9C-CD5CA0ED8E78}.Release|x64.Build.0 = Release|x64
		{09E3D89D-DEC4-4215-BD9C-CD5CA0ED8E78}.Release|x86.ActiveCfg = Release|Win32
		{09E3D89D-DEC4-4215-BD9C-CD5CA0ED8E78}.Release|x86.Build.0 = Release|Win32
		{DB65136D-A54B-4701-B26D-CA0D2A30627A}.Debug|x64.ActiveCfg = Debug|x64
		{DB65136D-A54B-4701-B26D-CA0D2A30627A}.Debug|x64.Build.0 = Debug|x64
		{DB65136D-A54B-4701-B26D-CA0D2A30627A}.Debug|x86.ActiveCfg = Debug|Win32
		{DB65136D-A54B-4701-B26D-CA0D2A30627A}.Debug|x86.Build.0 = Debug|Win32
		{DB65136D-A54B-4701-B26D-CA0D2A30627A}.Release|x64.ActiveCfg = Release|x64
		{DB65136D-A54B-4701-B26D-CA0D2A30627A}.Release|x64.Build.0 = Release|x64
		{DB65136D-A54B-4701-B26D-CA0D2A30627A}.Release|x86.ActiveCfg = Release|Win32
		{DB65136D-A54B-4701-B26D-CA0D2A30627A}.Release|x86.Build.0 = Release|Win32
		{01666A48-34DE-433F-BB49-A3EE398AF16A}.Debug|x64.ActiveCfg = Debug|x64
		{01666A48-34DE-433F-BB49-A3EE398AF16A}.Debug|x64.Build.0 = Debug|x64
		{01666A48-34DE-433F-BB49-A3EE398AF16A}.Debug|x86.ActiveCfg = Debug|Win32
		{01666A48-34DE-433F-BB49-A3EE398AF16A}.Debug|x86.Build.0 = Debug|Win32
		{01666A48-34DE-433F-BB49-A3EE398AF16A}.Release|x64.ActiveCfg = Release|x64
		{01666A48-34DE-433F-BB49-A3EE398AF16A}.Release|x64.Build.0 = Release|x64
		{01666A48-34DE-433F-BB49-A3EE398AF16A}.Release|x86.ActiveCfg = Release|Win32
		{01666A48-34DE-433F-BB49-A3EE398AF16A}.Release|x86.Build.0 = Release|Win32
		{97D96094-7D88-486A-B7B2-81ECBA4D9312}.Debug|x64.ActiveCfg = Debug|x64
		{97D96094-7D88-486A-B7B2-81ECBA4D9312}.Debug|x64.Build.0 = Debug|x64
		{97D96094-7D88-486A-B7B2-81ECBA4D9312}.Debug|x86.ActiveCfg = Debug|Win32
		{97D96094-7D88-486A-B7B2-81ECBA4D9312}.Debug|x86.Build.0 = Debug|Win32
		{97D96094-7D88-486A-B7B2-81ECBA4D9312}.Release|x64.ActiveCfg = Release|x64
		{97D96094-7D88-486A-B7B2-81ECBA4D9312}.Release|x64.Build.0 = Release|x64
		{97D96094-7D88-486A-B7B2-81ECBA4D9312}.Release|x86.ActiveCfg = Release|Win32
		{97D96094-7D88-486A-B7B2-81ECBA4D9312}.Release|x86.Build.0 = Release|Win32
	EndGlobalSection
	GlobalSection(SolutionProperties) = preSolution
		HideSolutionNode = FALSE
	EndGlobalSection
	GlobalSection(NestedProjects) = preSolution
		{E0E047C1-F1D8-49D5-83C8-93D262BC2966} = {DA3926C5-F8D6-4C2C-8120-5AC004D9B15D}
		{C78157BE-FC34-4EBB-B63F-7B4C336E082F} = {DA3926C5-F8D6-4C2C-8120-5AC004D9B15D}
		{21ECE900-08C0-4553-BEF0-0EABD86DF98B} = {DA3926C5-F8D6-4C2C-8120-5AC004D9B15D}
		{BEFE76FB-E2F5-4896-8041-9376E045F206} = {DA3926C5-F8D6-4C2C-8120-5AC004D9B15D}
		{FC7EA704-1B87-4AC5-A1CF-7B37AC5F3CEA} = {DA3926C5-F8D6-4C2C-8120-5AC004D9B15D}
		{F29CF249-ADE0-4D38-9BF5-E39AD4836FA3} = {DA3926C5-F8D6-4C2C-8120-5AC004D9B15D}
		{B08E0176-C5C3-4734-929A-5335A56C4978} = {DA3926C5-F8D6-4C2C-8120-5AC004D9B15D}
		{8C4A1F20-FC1A-4234-89EB-85FBAFB8EC7D} = {DA3926C5-F8D6-4C2C-8120-5AC004D9B15D}
		{55500066-BB6B-4419-BFC6-4C882621EA0C} = {DA3926C5-F8D6-4C2C-8120-5AC004D9B15D}
		{40A6410C-06E3-456E-A551-C7645A858F27} = {DA3926C5-F8D6-4C2C-8120-5AC004D9B15D}
		{9F1326B7-0250-4C8B-B605-EA33338F02A2} = {DA3926C5-F8D6-4C2C-8120-5AC004D9B15D}
		{C67E5F9E-3D42-4873-B364-7C0DE34D0947} = {DA3926C5-F8D6-4C2C-8120-5AC004D9B15D}
		{2AEDDFA8-6801-481C-ACCF-89D07A247CA9} = {DA3926C5-F8D6-4C2C-8120-5AC004D9B15D}
		{7DC80F4F-D0E1-41D5-A52D-E49222114477} = {DA3926C5-F8D6-4C2C-8120-5AC004D9B15D}
		{D617111D-CA6E-4215-A3D8-522D61BA0B07} = {DA3926C5-F8D6-4C2C-8120-5AC004D9B15D}
		{AE048B6E-F79A-4763-9AEC-3CF785C506DF} = {DA3926C5-F8D6-4C2C-8120-5AC004D9B15D}
		{331F30F6-08FF-4D1E-B0BF-290A678B5907} = {CC26C782-E060-4DD2-A02B-42E329AD60AD}
		{284B4B78-625E-4392-B08D-B433A3F2CBA1} = {CC26C782-E060-4DD2-A02B-42E329AD60AD}
		{8C3964C0-6938-4E59-910C-D3BFF1927458} = {CC26C782-E060-4DD2-A02B-42E329AD60AD}
		{F4B09E3E-AC41-41E8-95B3-026A0100DFB3} = {CC26C782-E060-4DD2-A02B-42E329AD60AD}
		{B51663AC-7635-4D99-B577-15C8C0AFD3BD} = {CC26C782-E060-4DD2-A02B-42E329AD60AD}
		{E138ECF5-7570-4AD4-83F1-54EB2F6A4342} = {CC26C782-E060-4DD2-A02B-42E329AD60AD}
		{E35E0D05-FA1F-4BF8-B151-051F71DCAB90} = {DA3926C5-F8D6-4C2C-8120-5AC004D9B15D}
		{55212B52-7A18-4BE9-97CE-40345A7D6C6B} = {DA3926C5-F8D6-4C2C-8120-5AC004D9B15D}
		{0D7F7C8A-77BE-44AC-B6FA-E05103E3D584} = {DA3926C5-F8D6-4C2C-8120-5AC004D9B15D}
		{204032FA-9573-4791-BC17-2813E9FD67BF} = {DA3926C5-F8D6-4C2C-8120-5AC004D9B15D}
		{FFD768F5-AEE5-42A6-AD16-043EF9D6FC93} = {DA3926C5-F8D6-4C2C-8120-5AC004D9B15D}
		{DFE58E2C-9DCC-408B-AE53-F888875F2541} = {DA3926C5-F8D6-4C2C-8120-5AC004D9B15D}
		{09E3D89D-DEC4-4215-BD9C-CD5CA0ED8E78} = {DA3926C5-F8D6-4C2C-8120-5AC004D9B15D}
		{DB65136D-A54B-4701-B26D-CA0D2A30627A} = {DA3926C5-F8D6-4C2C-8120-5AC004D9B15D}
		{01666A48-34DE-433F-BB49-A3EE398AF16A} = {DA3926C5-F8D6-4C2C-8120-5AC004D9B15D}
		{97D96094-7D88-486A-B7B2-81ECBA4D9312} = {DA3926C5-F8D6-4C2C-8120-5AC004D9B15D}
	EndGlobalSection
	GlobalSection(ExtensibilityGlobals) = postSolution
		SolutionGuid = {8D402EC2-8E1F-4A18-9EB9-9CFBEAE9A862}
	EndGlobalSection
EndGlobal
