
Microsoft Visual Studio Solution File, Format Version 12.00
# Visual Studio Version 17
VisualStudioVersion = 17.10.35027.167
MinimumVisualStudioVersion = 10.0.40219.1
Project("{8BC9CEB8-8B4A-11D0-8D11-00A0C91BC942}") = "Hello", "Hello.vcxproj", "{C761CA44-5F62-4920-B943-AA00332C7E80}"
EndProject
Project("{8BC9CEB8-8B4A-11D0-8D11-00A0C91BC942}") = "INPUT", "..\INPUT\INPUT.vcxproj", "{8989EEE6-4469-4C9D-81D4-E11AC0188C3A}"
EndProject
Project("{8BC9CEB8-8B4A-11D0-8D11-00A0C91BC942}") = "Promotion", "..\Promotion\Promotion.vcxproj", "{C9E36348-C40A-4545-A2F2-C221D3103C9A}"
EndProject
Project("{8BC9CEB8-8B4A-11D0-8D11-00A0C91BC942}") = "SiZEOF", "..\SiZEOF\SiZEOF.vcxproj", "{32F32C9D-AB34-434F-96A0-77A3E20E1DC5}"
EndProject
Project("{8BC9CEB8-8B4A-11D0-8D11-00A0C91BC942}") = "SCAMPER", "..\SCAMPER\SCAMPER.vcxproj", "{21A447E0-A128-4469-B831-F226C943B354}"
EndProject
Project("{8BC9CEB8-8B4A-11D0-8D11-00A0C91BC942}") = "LibTest", "..\LibTest\LibTest.vcxproj", "{218A795C-DCAC-4A76-9533-E3D88D419E70}"
EndProject
Project("{8BC9CEB8-8B4A-11D0-8D11-00A0C91BC942}") = "SortAlgorithm", "..\SortAlgorithm\SortAlgorithm.vcxproj", "{62CA840E-8AA9-42B4-9D6B-B0E1E2D2E828}"
EndProject
Project("{8BC9CEB8-8B4A-11D0-8D11-00A0C91BC942}") = "LinkedList", "..\LinkedList\LinkedList.vcxproj", "{E93A42AC-AF73-4AE3-BC92-D6F170B9226F}"
EndProject
Project("{8BC9CEB8-8B4A-11D0-8D11-00A0C91BC942}") = "Fibonacci", "..\Fibonacci\Fibonacci.vcxproj", "{D3227069-2A4A-482B-9E32-255C11FC19CF}"
EndProject
Project("{8BC9CEB8-8B4A-11D0-8D11-00A0C91BC942}") = "Prime", "..\Prime\Prime.vcxproj", "{2F195C66-2D5E-4289-A3C3-F0A9743F11A3}"
EndProject
Project("{8BC9CEB8-8B4A-11D0-8D11-00A0C91BC942}") = "Sprial", "..\Sprial\Sprial.vcxproj", "{20B23348-1C96-468A-ABBB-5B02004035E5}"
EndProject
Project("{8BC9CEB8-8B4A-11D0-8D11-00A0C91BC942}") = "Pyramid", "..\Pyramid\Pyramid.vcxproj", "{91F079C8-9FDD-4EA5-87F2-8F7CB103E7B3}"
EndProject
Project("{8BC9CEB8-8B4A-11D0-8D11-00A0C91BC942}") = "BinaryToDecimal", "..\BinaryToDecimal\BinaryToDecimal.vcxproj", "{D6648F78-BD35-49A9-ACB0-079B98F57CFE}"
EndProject
Project("{8BC9CEB8-8B4A-11D0-8D11-00A0C91BC942}") = "chToNum", "..\chToNum\chToNum.vcxproj", "{FF0EE696-1E8A-4288-87D2-2C97EEB2E3CC}"
EndProject
Project("{8BC9CEB8-8B4A-11D0-8D11-00A0C91BC942}") = "OPP", "..\OPP\OPP.vcxproj", "{17B2D8A1-F368-4DB3-8818-A8C8076467A8}"
EndProject
Global
	GlobalSection(SolutionConfigurationPlatforms) = preSolution
		Debug|ARM = Debug|ARM
		Debug|ARM64 = Debug|ARM64
		Debug|x64 = Debug|x64
		Debug|x86 = Debug|x86
		Release|ARM = Release|ARM
		Release|ARM64 = Release|ARM64
		Release|x64 = Release|x64
		Release|x86 = Release|x86
	EndGlobalSection
	GlobalSection(ProjectConfigurationPlatforms) = postSolution
		{C761CA44-5F62-4920-B943-AA00332C7E80}.Debug|ARM.ActiveCfg = Debug|x64
		{C761CA44-5F62-4920-B943-AA00332C7E80}.Debug|ARM.Build.0 = Debug|x64
		{C761CA44-5F62-4920-B943-AA00332C7E80}.Debug|ARM64.ActiveCfg = Debug|x64
		{C761CA44-5F62-4920-B943-AA00332C7E80}.Debug|ARM64.Build.0 = Debug|x64
		{C761CA44-5F62-4920-B943-AA00332C7E80}.Debug|x64.ActiveCfg = Debug|x64
		{C761CA44-5F62-4920-B943-AA00332C7E80}.Debug|x64.Build.0 = Debug|x64
		{C761CA44-5F62-4920-B943-AA00332C7E80}.Debug|x86.ActiveCfg = Debug|Win32
		{C761CA44-5F62-4920-B943-AA00332C7E80}.Debug|x86.Build.0 = Debug|Win32
		{C761CA44-5F62-4920-B943-AA00332C7E80}.Release|ARM.ActiveCfg = Release|x64
		{C761CA44-5F62-4920-B943-AA00332C7E80}.Release|ARM.Build.0 = Release|x64
		{C761CA44-5F62-4920-B943-AA00332C7E80}.Release|ARM64.ActiveCfg = Release|x64
		{C761CA44-5F62-4920-B943-AA00332C7E80}.Release|ARM64.Build.0 = Release|x64
		{C761CA44-5F62-4920-B943-AA00332C7E80}.Release|x64.ActiveCfg = Release|x64
		{C761CA44-5F62-4920-B943-AA00332C7E80}.Release|x64.Build.0 = Release|x64
		{C761CA44-5F62-4920-B943-AA00332C7E80}.Release|x86.ActiveCfg = Release|Win32
		{C761CA44-5F62-4920-B943-AA00332C7E80}.Release|x86.Build.0 = Release|Win32
		{8989EEE6-4469-4C9D-81D4-E11AC0188C3A}.Debug|ARM.ActiveCfg = Debug|x64
		{8989EEE6-4469-4C9D-81D4-E11AC0188C3A}.Debug|ARM.Build.0 = Debug|x64
		{8989EEE6-4469-4C9D-81D4-E11AC0188C3A}.Debug|ARM64.ActiveCfg = Debug|x64
		{8989EEE6-4469-4C9D-81D4-E11AC0188C3A}.Debug|ARM64.Build.0 = Debug|x64
		{8989EEE6-4469-4C9D-81D4-E11AC0188C3A}.Debug|x64.ActiveCfg = Debug|x64
		{8989EEE6-4469-4C9D-81D4-E11AC0188C3A}.Debug|x64.Build.0 = Debug|x64
		{8989EEE6-4469-4C9D-81D4-E11AC0188C3A}.Debug|x86.ActiveCfg = Debug|Win32
		{8989EEE6-4469-4C9D-81D4-E11AC0188C3A}.Debug|x86.Build.0 = Debug|Win32
		{8989EEE6-4469-4C9D-81D4-E11AC0188C3A}.Release|ARM.ActiveCfg = Release|x64
		{8989EEE6-4469-4C9D-81D4-E11AC0188C3A}.Release|ARM.Build.0 = Release|x64
		{8989EEE6-4469-4C9D-81D4-E11AC0188C3A}.Release|ARM64.ActiveCfg = Release|x64
		{8989EEE6-4469-4C9D-81D4-E11AC0188C3A}.Release|ARM64.Build.0 = Release|x64
		{8989EEE6-4469-4C9D-81D4-E11AC0188C3A}.Release|x64.ActiveCfg = Release|x64
		{8989EEE6-4469-4C9D-81D4-E11AC0188C3A}.Release|x64.Build.0 = Release|x64
		{8989EEE6-4469-4C9D-81D4-E11AC0188C3A}.Release|x86.ActiveCfg = Release|Win32
		{8989EEE6-4469-4C9D-81D4-E11AC0188C3A}.Release|x86.Build.0 = Release|Win32
		{C9E36348-C40A-4545-A2F2-C221D3103C9A}.Debug|ARM.ActiveCfg = Debug|x64
		{C9E36348-C40A-4545-A2F2-C221D3103C9A}.Debug|ARM.Build.0 = Debug|x64
		{C9E36348-C40A-4545-A2F2-C221D3103C9A}.Debug|ARM64.ActiveCfg = Debug|x64
		{C9E36348-C40A-4545-A2F2-C221D3103C9A}.Debug|ARM64.Build.0 = Debug|x64
		{C9E36348-C40A-4545-A2F2-C221D3103C9A}.Debug|x64.ActiveCfg = Debug|x64
		{C9E36348-C40A-4545-A2F2-C221D3103C9A}.Debug|x64.Build.0 = Debug|x64
		{C9E36348-C40A-4545-A2F2-C221D3103C9A}.Debug|x86.ActiveCfg = Debug|Win32
		{C9E36348-C40A-4545-A2F2-C221D3103C9A}.Debug|x86.Build.0 = Debug|Win32
		{C9E36348-C40A-4545-A2F2-C221D3103C9A}.Release|ARM.ActiveCfg = Release|x64
		{C9E36348-C40A-4545-A2F2-C221D3103C9A}.Release|ARM.Build.0 = Release|x64
		{C9E36348-C40A-4545-A2F2-C221D3103C9A}.Release|ARM64.ActiveCfg = Release|x64
		{C9E36348-C40A-4545-A2F2-C221D3103C9A}.Release|ARM64.Build.0 = Release|x64
		{C9E36348-C40A-4545-A2F2-C221D3103C9A}.Release|x64.ActiveCfg = Release|x64
		{C9E36348-C40A-4545-A2F2-C221D3103C9A}.Release|x64.Build.0 = Release|x64
		{C9E36348-C40A-4545-A2F2-C221D3103C9A}.Release|x86.ActiveCfg = Release|Win32
		{C9E36348-C40A-4545-A2F2-C221D3103C9A}.Release|x86.Build.0 = Release|Win32
		{32F32C9D-AB34-434F-96A0-77A3E20E1DC5}.Debug|ARM.ActiveCfg = Debug|x64
		{32F32C9D-AB34-434F-96A0-77A3E20E1DC5}.Debug|ARM.Build.0 = Debug|x64
		{32F32C9D-AB34-434F-96A0-77A3E20E1DC5}.Debug|ARM64.ActiveCfg = Debug|x64
		{32F32C9D-AB34-434F-96A0-77A3E20E1DC5}.Debug|ARM64.Build.0 = Debug|x64
		{32F32C9D-AB34-434F-96A0-77A3E20E1DC5}.Debug|x64.ActiveCfg = Debug|x64
		{32F32C9D-AB34-434F-96A0-77A3E20E1DC5}.Debug|x64.Build.0 = Debug|x64
		{32F32C9D-AB34-434F-96A0-77A3E20E1DC5}.Debug|x86.ActiveCfg = Debug|Win32
		{32F32C9D-AB34-434F-96A0-77A3E20E1DC5}.Debug|x86.Build.0 = Debug|Win32
		{32F32C9D-AB34-434F-96A0-77A3E20E1DC5}.Release|ARM.ActiveCfg = Release|x64
		{32F32C9D-AB34-434F-96A0-77A3E20E1DC5}.Release|ARM.Build.0 = Release|x64
		{32F32C9D-AB34-434F-96A0-77A3E20E1DC5}.Release|ARM64.ActiveCfg = Release|x64
		{32F32C9D-AB34-434F-96A0-77A3E20E1DC5}.Release|ARM64.Build.0 = Release|x64
		{32F32C9D-AB34-434F-96A0-77A3E20E1DC5}.Release|x64.ActiveCfg = Release|x64
		{32F32C9D-AB34-434F-96A0-77A3E20E1DC5}.Release|x64.Build.0 = Release|x64
		{32F32C9D-AB34-434F-96A0-77A3E20E1DC5}.Release|x86.ActiveCfg = Release|Win32
		{32F32C9D-AB34-434F-96A0-77A3E20E1DC5}.Release|x86.Build.0 = Release|Win32
		{21A447E0-A128-4469-B831-F226C943B354}.Debug|ARM.ActiveCfg = Debug|x64
		{21A447E0-A128-4469-B831-F226C943B354}.Debug|ARM.Build.0 = Debug|x64
		{21A447E0-A128-4469-B831-F226C943B354}.Debug|ARM64.ActiveCfg = Debug|x64
		{21A447E0-A128-4469-B831-F226C943B354}.Debug|ARM64.Build.0 = Debug|x64
		{21A447E0-A128-4469-B831-F226C943B354}.Debug|x64.ActiveCfg = Debug|x64
		{21A447E0-A128-4469-B831-F226C943B354}.Debug|x64.Build.0 = Debug|x64
		{21A447E0-A128-4469-B831-F226C943B354}.Debug|x86.ActiveCfg = Debug|Win32
		{21A447E0-A128-4469-B831-F226C943B354}.Debug|x86.Build.0 = Debug|Win32
		{21A447E0-A128-4469-B831-F226C943B354}.Release|ARM.ActiveCfg = Release|x64
		{21A447E0-A128-4469-B831-F226C943B354}.Release|ARM.Build.0 = Release|x64
		{21A447E0-A128-4469-B831-F226C943B354}.Release|ARM64.ActiveCfg = Release|x64
		{21A447E0-A128-4469-B831-F226C943B354}.Release|ARM64.Build.0 = Release|x64
		{21A447E0-A128-4469-B831-F226C943B354}.Release|x64.ActiveCfg = Release|x64
		{21A447E0-A128-4469-B831-F226C943B354}.Release|x64.Build.0 = Release|x64
		{21A447E0-A128-4469-B831-F226C943B354}.Release|x86.ActiveCfg = Release|Win32
		{21A447E0-A128-4469-B831-F226C943B354}.Release|x86.Build.0 = Release|Win32
		{218A795C-DCAC-4A76-9533-E3D88D419E70}.Debug|ARM.ActiveCfg = Debug|x64
		{218A795C-DCAC-4A76-9533-E3D88D419E70}.Debug|ARM.Build.0 = Debug|x64
		{218A795C-DCAC-4A76-9533-E3D88D419E70}.Debug|ARM64.ActiveCfg = Debug|x64
		{218A795C-DCAC-4A76-9533-E3D88D419E70}.Debug|ARM64.Build.0 = Debug|x64
		{218A795C-DCAC-4A76-9533-E3D88D419E70}.Debug|x64.ActiveCfg = Debug|x64
		{218A795C-DCAC-4A76-9533-E3D88D419E70}.Debug|x64.Build.0 = Debug|x64
		{218A795C-DCAC-4A76-9533-E3D88D419E70}.Debug|x86.ActiveCfg = Debug|Win32
		{218A795C-DCAC-4A76-9533-E3D88D419E70}.Debug|x86.Build.0 = Debug|Win32
		{218A795C-DCAC-4A76-9533-E3D88D419E70}.Release|ARM.ActiveCfg = Release|x64
		{218A795C-DCAC-4A76-9533-E3D88D419E70}.Release|ARM.Build.0 = Release|x64
		{218A795C-DCAC-4A76-9533-E3D88D419E70}.Release|ARM64.ActiveCfg = Release|x64
		{218A795C-DCAC-4A76-9533-E3D88D419E70}.Release|ARM64.Build.0 = Release|x64
		{218A795C-DCAC-4A76-9533-E3D88D419E70}.Release|x64.ActiveCfg = Release|x64
		{218A795C-DCAC-4A76-9533-E3D88D419E70}.Release|x64.Build.0 = Release|x64
		{218A795C-DCAC-4A76-9533-E3D88D419E70}.Release|x86.ActiveCfg = Release|Win32
		{218A795C-DCAC-4A76-9533-E3D88D419E70}.Release|x86.Build.0 = Release|Win32
		{62CA840E-8AA9-42B4-9D6B-B0E1E2D2E828}.Debug|ARM.ActiveCfg = Debug|x64
		{62CA840E-8AA9-42B4-9D6B-B0E1E2D2E828}.Debug|ARM.Build.0 = Debug|x64
		{62CA840E-8AA9-42B4-9D6B-B0E1E2D2E828}.Debug|ARM64.ActiveCfg = Debug|x64
		{62CA840E-8AA9-42B4-9D6B-B0E1E2D2E828}.Debug|ARM64.Build.0 = Debug|x64
		{62CA840E-8AA9-42B4-9D6B-B0E1E2D2E828}.Debug|x64.ActiveCfg = Debug|x64
		{62CA840E-8AA9-42B4-9D6B-B0E1E2D2E828}.Debug|x64.Build.0 = Debug|x64
		{62CA840E-8AA9-42B4-9D6B-B0E1E2D2E828}.Debug|x86.ActiveCfg = Debug|Win32
		{62CA840E-8AA9-42B4-9D6B-B0E1E2D2E828}.Debug|x86.Build.0 = Debug|Win32
		{62CA840E-8AA9-42B4-9D6B-B0E1E2D2E828}.Release|ARM.ActiveCfg = Release|x64
		{62CA840E-8AA9-42B4-9D6B-B0E1E2D2E828}.Release|ARM.Build.0 = Release|x64
		{62CA840E-8AA9-42B4-9D6B-B0E1E2D2E828}.Release|ARM64.ActiveCfg = Release|x64
		{62CA840E-8AA9-42B4-9D6B-B0E1E2D2E828}.Release|ARM64.Build.0 = Release|x64
		{62CA840E-8AA9-42B4-9D6B-B0E1E2D2E828}.Release|x64.ActiveCfg = Release|x64
		{62CA840E-8AA9-42B4-9D6B-B0E1E2D2E828}.Release|x64.Build.0 = Release|x64
		{62CA840E-8AA9-42B4-9D6B-B0E1E2D2E828}.Release|x86.ActiveCfg = Release|Win32
		{62CA840E-8AA9-42B4-9D6B-B0E1E2D2E828}.Release|x86.Build.0 = Release|Win32
		{E93A42AC-AF73-4AE3-BC92-D6F170B9226F}.Debug|ARM.ActiveCfg = Debug|x64
		{E93A42AC-AF73-4AE3-BC92-D6F170B9226F}.Debug|ARM.Build.0 = Debug|x64
		{E93A42AC-AF73-4AE3-BC92-D6F170B9226F}.Debug|ARM64.ActiveCfg = Debug|x64
		{E93A42AC-AF73-4AE3-BC92-D6F170B9226F}.Debug|ARM64.Build.0 = Debug|x64
		{E93A42AC-AF73-4AE3-BC92-D6F170B9226F}.Debug|x64.ActiveCfg = Debug|x64
		{E93A42AC-AF73-4AE3-BC92-D6F170B9226F}.Debug|x64.Build.0 = Debug|x64
		{E93A42AC-AF73-4AE3-BC92-D6F170B9226F}.Debug|x86.ActiveCfg = Debug|Win32
		{E93A42AC-AF73-4AE3-BC92-D6F170B9226F}.Debug|x86.Build.0 = Debug|Win32
		{E93A42AC-AF73-4AE3-BC92-D6F170B9226F}.Release|ARM.ActiveCfg = Release|x64
		{E93A42AC-AF73-4AE3-BC92-D6F170B9226F}.Release|ARM.Build.0 = Release|x64
		{E93A42AC-AF73-4AE3-BC92-D6F170B9226F}.Release|ARM64.ActiveCfg = Release|x64
		{E93A42AC-AF73-4AE3-BC92-D6F170B9226F}.Release|ARM64.Build.0 = Release|x64
		{E93A42AC-AF73-4AE3-BC92-D6F170B9226F}.Release|x64.ActiveCfg = Release|x64
		{E93A42AC-AF73-4AE3-BC92-D6F170B9226F}.Release|x64.Build.0 = Release|x64
		{E93A42AC-AF73-4AE3-BC92-D6F170B9226F}.Release|x86.ActiveCfg = Release|Win32
		{E93A42AC-AF73-4AE3-BC92-D6F170B9226F}.Release|x86.Build.0 = Release|Win32
		{D3227069-2A4A-482B-9E32-255C11FC19CF}.Debug|ARM.ActiveCfg = Debug|x64
		{D3227069-2A4A-482B-9E32-255C11FC19CF}.Debug|ARM.Build.0 = Debug|x64
		{D3227069-2A4A-482B-9E32-255C11FC19CF}.Debug|ARM64.ActiveCfg = Debug|x64
		{D3227069-2A4A-482B-9E32-255C11FC19CF}.Debug|ARM64.Build.0 = Debug|x64
		{D3227069-2A4A-482B-9E32-255C11FC19CF}.Debug|x64.ActiveCfg = Debug|x64
		{D3227069-2A4A-482B-9E32-255C11FC19CF}.Debug|x64.Build.0 = Debug|x64
		{D3227069-2A4A-482B-9E32-255C11FC19CF}.Debug|x86.ActiveCfg = Debug|Win32
		{D3227069-2A4A-482B-9E32-255C11FC19CF}.Debug|x86.Build.0 = Debug|Win32
		{D3227069-2A4A-482B-9E32-255C11FC19CF}.Release|ARM.ActiveCfg = Release|x64
		{D3227069-2A4A-482B-9E32-255C11FC19CF}.Release|ARM.Build.0 = Release|x64
		{D3227069-2A4A-482B-9E32-255C11FC19CF}.Release|ARM64.ActiveCfg = Release|x64
		{D3227069-2A4A-482B-9E32-255C11FC19CF}.Release|ARM64.Build.0 = Release|x64
		{D3227069-2A4A-482B-9E32-255C11FC19CF}.Release|x64.ActiveCfg = Release|x64
		{D3227069-2A4A-482B-9E32-255C11FC19CF}.Release|x64.Build.0 = Release|x64
		{D3227069-2A4A-482B-9E32-255C11FC19CF}.Release|x86.ActiveCfg = Release|Win32
		{D3227069-2A4A-482B-9E32-255C11FC19CF}.Release|x86.Build.0 = Release|Win32
		{2F195C66-2D5E-4289-A3C3-F0A9743F11A3}.Debug|ARM.ActiveCfg = Debug|x64
		{2F195C66-2D5E-4289-A3C3-F0A9743F11A3}.Debug|ARM.Build.0 = Debug|x64
		{2F195C66-2D5E-4289-A3C3-F0A9743F11A3}.Debug|ARM64.ActiveCfg = Debug|x64
		{2F195C66-2D5E-4289-A3C3-F0A9743F11A3}.Debug|ARM64.Build.0 = Debug|x64
		{2F195C66-2D5E-4289-A3C3-F0A9743F11A3}.Debug|x64.ActiveCfg = Debug|x64
		{2F195C66-2D5E-4289-A3C3-F0A9743F11A3}.Debug|x64.Build.0 = Debug|x64
		{2F195C66-2D5E-4289-A3C3-F0A9743F11A3}.Debug|x86.ActiveCfg = Debug|Win32
		{2F195C66-2D5E-4289-A3C3-F0A9743F11A3}.Debug|x86.Build.0 = Debug|Win32
		{2F195C66-2D5E-4289-A3C3-F0A9743F11A3}.Release|ARM.ActiveCfg = Release|x64
		{2F195C66-2D5E-4289-A3C3-F0A9743F11A3}.Release|ARM.Build.0 = Release|x64
		{2F195C66-2D5E-4289-A3C3-F0A9743F11A3}.Release|ARM64.ActiveCfg = Release|x64
		{2F195C66-2D5E-4289-A3C3-F0A9743F11A3}.Release|ARM64.Build.0 = Release|x64
		{2F195C66-2D5E-4289-A3C3-F0A9743F11A3}.Release|x64.ActiveCfg = Release|x64
		{2F195C66-2D5E-4289-A3C3-F0A9743F11A3}.Release|x64.Build.0 = Release|x64
		{2F195C66-2D5E-4289-A3C3-F0A9743F11A3}.Release|x86.ActiveCfg = Release|Win32
		{2F195C66-2D5E-4289-A3C3-F0A9743F11A3}.Release|x86.Build.0 = Release|Win32
		{20B23348-1C96-468A-ABBB-5B02004035E5}.Debug|ARM.ActiveCfg = Debug|x64
		{20B23348-1C96-468A-ABBB-5B02004035E5}.Debug|ARM.Build.0 = Debug|x64
		{20B23348-1C96-468A-ABBB-5B02004035E5}.Debug|ARM64.ActiveCfg = Debug|x64
		{20B23348-1C96-468A-ABBB-5B02004035E5}.Debug|ARM64.Build.0 = Debug|x64
		{20B23348-1C96-468A-ABBB-5B02004035E5}.Debug|x64.ActiveCfg = Debug|x64
		{20B23348-1C96-468A-ABBB-5B02004035E5}.Debug|x64.Build.0 = Debug|x64
		{20B23348-1C96-468A-ABBB-5B02004035E5}.Debug|x86.ActiveCfg = Debug|Win32
		{20B23348-1C96-468A-ABBB-5B02004035E5}.Debug|x86.Build.0 = Debug|Win32
		{20B23348-1C96-468A-ABBB-5B02004035E5}.Release|ARM.ActiveCfg = Release|x64
		{20B23348-1C96-468A-ABBB-5B02004035E5}.Release|ARM.Build.0 = Release|x64
		{20B23348-1C96-468A-ABBB-5B02004035E5}.Release|ARM64.ActiveCfg = Release|x64
		{20B23348-1C96-468A-ABBB-5B02004035E5}.Release|ARM64.Build.0 = Release|x64
		{20B23348-1C96-468A-ABBB-5B02004035E5}.Release|x64.ActiveCfg = Release|x64
		{20B23348-1C96-468A-ABBB-5B02004035E5}.Release|x64.Build.0 = Release|x64
		{20B23348-1C96-468A-ABBB-5B02004035E5}.Release|x86.ActiveCfg = Release|Win32
		{20B23348-1C96-468A-ABBB-5B02004035E5}.Release|x86.Build.0 = Release|Win32
		{91F079C8-9FDD-4EA5-87F2-8F7CB103E7B3}.Debug|ARM.ActiveCfg = Debug|x64
		{91F079C8-9FDD-4EA5-87F2-8F7CB103E7B3}.Debug|ARM.Build.0 = Debug|x64
		{91F079C8-9FDD-4EA5-87F2-8F7CB103E7B3}.Debug|ARM64.ActiveCfg = Debug|x64
		{91F079C8-9FDD-4EA5-87F2-8F7CB103E7B3}.Debug|ARM64.Build.0 = Debug|x64
		{91F079C8-9FDD-4EA5-87F2-8F7CB103E7B3}.Debug|x64.ActiveCfg = Debug|x64
		{91F079C8-9FDD-4EA5-87F2-8F7CB103E7B3}.Debug|x64.Build.0 = Debug|x64
		{91F079C8-9FDD-4EA5-87F2-8F7CB103E7B3}.Debug|x86.ActiveCfg = Debug|Win32
		{91F079C8-9FDD-4EA5-87F2-8F7CB103E7B3}.Debug|x86.Build.0 = Debug|Win32
		{91F079C8-9FDD-4EA5-87F2-8F7CB103E7B3}.Release|ARM.ActiveCfg = Release|x64
		{91F079C8-9FDD-4EA5-87F2-8F7CB103E7B3}.Release|ARM.Build.0 = Release|x64
		{91F079C8-9FDD-4EA5-87F2-8F7CB103E7B3}.Release|ARM64.ActiveCfg = Release|x64
		{91F079C8-9FDD-4EA5-87F2-8F7CB103E7B3}.Release|ARM64.Build.0 = Release|x64
		{91F079C8-9FDD-4EA5-87F2-8F7CB103E7B3}.Release|x64.ActiveCfg = Release|x64
		{91F079C8-9FDD-4EA5-87F2-8F7CB103E7B3}.Release|x64.Build.0 = Release|x64
		{91F079C8-9FDD-4EA5-87F2-8F7CB103E7B3}.Release|x86.ActiveCfg = Release|Win32
		{91F079C8-9FDD-4EA5-87F2-8F7CB103E7B3}.Release|x86.Build.0 = Release|Win32
		{D6648F78-BD35-49A9-ACB0-079B98F57CFE}.Debug|ARM.ActiveCfg = Debug|x64
		{D6648F78-BD35-49A9-ACB0-079B98F57CFE}.Debug|ARM.Build.0 = Debug|x64
		{D6648F78-BD35-49A9-ACB0-079B98F57CFE}.Debug|ARM64.ActiveCfg = Debug|x64
		{D6648F78-BD35-49A9-ACB0-079B98F57CFE}.Debug|ARM64.Build.0 = Debug|x64
		{D6648F78-BD35-49A9-ACB0-079B98F57CFE}.Debug|x64.ActiveCfg = Debug|x64
		{D6648F78-BD35-49A9-ACB0-079B98F57CFE}.Debug|x64.Build.0 = Debug|x64
		{D6648F78-BD35-49A9-ACB0-079B98F57CFE}.Debug|x86.ActiveCfg = Debug|Win32
		{D6648F78-BD35-49A9-ACB0-079B98F57CFE}.Debug|x86.Build.0 = Debug|Win32
		{D6648F78-BD35-49A9-ACB0-079B98F57CFE}.Release|ARM.ActiveCfg = Release|x64
		{D6648F78-BD35-49A9-ACB0-079B98F57CFE}.Release|ARM.Build.0 = Release|x64
		{D6648F78-BD35-49A9-ACB0-079B98F57CFE}.Release|ARM64.ActiveCfg = Release|x64
		{D6648F78-BD35-49A9-ACB0-079B98F57CFE}.Release|ARM64.Build.0 = Release|x64
		{D6648F78-BD35-49A9-ACB0-079B98F57CFE}.Release|x64.ActiveCfg = Release|x64
		{D6648F78-BD35-49A9-ACB0-079B98F57CFE}.Release|x64.Build.0 = Release|x64
		{D6648F78-BD35-49A9-ACB0-079B98F57CFE}.Release|x86.ActiveCfg = Release|Win32
		{D6648F78-BD35-49A9-ACB0-079B98F57CFE}.Release|x86.Build.0 = Release|Win32
		{FF0EE696-1E8A-4288-87D2-2C97EEB2E3CC}.Debug|ARM.ActiveCfg = Debug|x64
		{FF0EE696-1E8A-4288-87D2-2C97EEB2E3CC}.Debug|ARM.Build.0 = Debug|x64
		{FF0EE696-1E8A-4288-87D2-2C97EEB2E3CC}.Debug|ARM64.ActiveCfg = Debug|x64
		{FF0EE696-1E8A-4288-87D2-2C97EEB2E3CC}.Debug|ARM64.Build.0 = Debug|x64
		{FF0EE696-1E8A-4288-87D2-2C97EEB2E3CC}.Debug|x64.ActiveCfg = Debug|x64
		{FF0EE696-1E8A-4288-87D2-2C97EEB2E3CC}.Debug|x64.Build.0 = Debug|x64
		{FF0EE696-1E8A-4288-87D2-2C97EEB2E3CC}.Debug|x86.ActiveCfg = Debug|Win32
		{FF0EE696-1E8A-4288-87D2-2C97EEB2E3CC}.Debug|x86.Build.0 = Debug|Win32
		{FF0EE696-1E8A-4288-87D2-2C97EEB2E3CC}.Release|ARM.ActiveCfg = Release|x64
		{FF0EE696-1E8A-4288-87D2-2C97EEB2E3CC}.Release|ARM.Build.0 = Release|x64
		{FF0EE696-1E8A-4288-87D2-2C97EEB2E3CC}.Release|ARM64.ActiveCfg = Release|x64
		{FF0EE696-1E8A-4288-87D2-2C97EEB2E3CC}.Release|ARM64.Build.0 = Release|x64
		{FF0EE696-1E8A-4288-87D2-2C97EEB2E3CC}.Release|x64.ActiveCfg = Release|x64
		{FF0EE696-1E8A-4288-87D2-2C97EEB2E3CC}.Release|x64.Build.0 = Release|x64
		{FF0EE696-1E8A-4288-87D2-2C97EEB2E3CC}.Release|x86.ActiveCfg = Release|Win32
		{FF0EE696-1E8A-4288-87D2-2C97EEB2E3CC}.Release|x86.Build.0 = Release|Win32
		{17B2D8A1-F368-4DB3-8818-A8C8076467A8}.Debug|ARM.ActiveCfg = Debug|x64
		{17B2D8A1-F368-4DB3-8818-A8C8076467A8}.Debug|ARM.Build.0 = Debug|x64
		{17B2D8A1-F368-4DB3-8818-A8C8076467A8}.Debug|ARM64.ActiveCfg = Debug|x64
		{17B2D8A1-F368-4DB3-8818-A8C8076467A8}.Debug|ARM64.Build.0 = Debug|x64
		{17B2D8A1-F368-4DB3-8818-A8C8076467A8}.Debug|x64.ActiveCfg = Debug|x64
		{17B2D8A1-F368-4DB3-8818-A8C8076467A8}.Debug|x64.Build.0 = Debug|x64
		{17B2D8A1-F368-4DB3-8818-A8C8076467A8}.Debug|x86.ActiveCfg = Debug|Win32
		{17B2D8A1-F368-4DB3-8818-A8C8076467A8}.Debug|x86.Build.0 = Debug|Win32
		{17B2D8A1-F368-4DB3-8818-A8C8076467A8}.Release|ARM.ActiveCfg = Release|x64
		{17B2D8A1-F368-4DB3-8818-A8C8076467A8}.Release|ARM.Build.0 = Release|x64
		{17B2D8A1-F368-4DB3-8818-A8C8076467A8}.Release|ARM64.ActiveCfg = Release|x64
		{17B2D8A1-F368-4DB3-8818-A8C8076467A8}.Release|ARM64.Build.0 = Release|x64
		{17B2D8A1-F368-4DB3-8818-A8C8076467A8}.Release|x64.ActiveCfg = Release|x64
		{17B2D8A1-F368-4DB3-8818-A8C8076467A8}.Release|x64.Build.0 = Release|x64
		{17B2D8A1-F368-4DB3-8818-A8C8076467A8}.Release|x86.ActiveCfg = Release|Win32
		{17B2D8A1-F368-4DB3-8818-A8C8076467A8}.Release|x86.Build.0 = Release|Win32
	EndGlobalSection
	GlobalSection(SolutionProperties) = preSolution
		HideSolutionNode = FALSE
	EndGlobalSection
	GlobalSection(ExtensibilityGlobals) = postSolution
		SolutionGuid = {9D05404D-6278-423B-A1F9-C6B9EB19DECA}
	EndGlobalSection
EndGlobal
